
Microsoft Visual Studio Solution File, Format Version 12.00
# Visual Studio Version 16
VisualStudioVersion = 16.0.31729.503
MinimumVisualStudioVersion = 10.0.40219.1
Project("{FAE04EC0-301F-11D3-BF4B-00C04F79EFBC}") = "exercicioSomaImpares", "exercicioSomaImpares\exercicioSomaImpares.csproj", "{0FBD7A03-8440-487F-BCB6-50CB4C477B00}"
EndProject
Global
	GlobalSection(SolutionConfigurationPlatforms) = preSolution
		Debug|Any CPU = Debug|Any CPU
		Release|Any CPU = Release|Any CPU
	EndGlobalSection
	GlobalSection(ProjectConfigurationPlatforms) = postSolution
		{0FBD7A03-8440-487F-BCB6-50CB4C477B00}.Debug|Any CPU.ActiveCfg = Debug|Any CPU
		{0FBD7A03-8440-487F-BCB6-50CB4C477B00}.Debug|Any CPU.Build.0 = Debug|Any CPU
		{0FBD7A03-8440-487F-BCB6-50CB4C477B00}.Release|Any CPU.ActiveCfg = Release|Any CPU
		{0FBD7A03-8440-487F-BCB6-50CB4C477B00}.Release|Any CPU.Build.0 = Release|Any CPU
	EndGlobalSection
	GlobalSection(SolutionProperties) = preSolution
		HideSolutionNode = FALSE
	EndGlobalSection
	GlobalSection(ExtensibilityGlobals) = postSolution
		SolutionGuid = {7274A404-FCD5-4910-9AAC-83D3F9ACCDF4}
	EndGlobalSection
EndGlobal
