
Microsoft Visual Studio Solution File, Format Version 12.00
# Visual Studio Version 16
VisualStudioVersion = 16.0.31729.503
MinimumVisualStudioVersion = 10.0.40219.1
Project("{FAE04EC0-301F-11D3-BF4B-00C04F79EFBC}") = "exercicioMenorDeTres", "exercicioMenorDeTres\exercicioMenorDeTres.csproj", "{F55BE629-490D-4EBE-9EAF-8219028C962E}"
EndProject
Global
	GlobalSection(SolutionConfigurationPlatforms) = preSolution
		Debug|Any CPU = Debug|Any CPU
		Release|Any CPU = Release|Any CPU
	EndGlobalSection
	GlobalSection(ProjectConfigurationPlatforms) = postSolution
		{F55BE629-490D-4EBE-9EAF-8219028C962E}.Debug|Any CPU.ActiveCfg = Debug|Any CPU
		{F55BE629-490D-4EBE-9EAF-8219028C962E}.Debug|Any CPU.Build.0 = Debug|Any CPU
		{F55BE629-490D-4EBE-9EAF-8219028C962E}.Release|Any CPU.ActiveCfg = Release|Any CPU
		{F55BE629-490D-4EBE-9EAF-8219028C962E}.Release|Any CPU.Build.0 = Release|Any CPU
	EndGlobalSection
	GlobalSection(SolutionProperties) = preSolution
		HideSolutionNode = FALSE
	EndGlobalSection
	GlobalSection(ExtensibilityGlobals) = postSolution
		SolutionGuid = {26F43D01-68E5-47E4-8B45-7D3553545A29}
	EndGlobalSection
EndGlobal
